// !$*UTF8*$!
{
	objectVersion = 77;
	objects = {

/* Begin PBXBuildFile section */
		A00000000000000000000009 /* MondaineSaverView.swift in Sources */ = {isa = PBXBuildFile; fileRef = A00000000000000000000002 /* MondaineSaverView.swift */; };
		A0000000000000000000000A /* ClockModel.swift in Sources */ = {isa = PBXBuildFile; fileRef = A00000000000000000000003 /* ClockModel.swift */; };
		A0000000000000000000000B /* ScreenSaver.framework in Frameworks */ = {isa = PBXBuildFile; fileRef = A00000000000000000000006 /* ScreenSaver.framework */; };
		A0000000000000000000000C /* Cocoa.framework in Frameworks */ = {isa = PBXBuildFile; fileRef = A00000000000000000000007 /* Cocoa.framework */; };
		A00000000000000000000022 /* MondaineClockRenderer.swift in Sources */ = {isa = PBXBuildFile; fileRef = A00000000000000000000023 /* MondaineClockRenderer.swift */; };
		A00000000000000000000024 /* MondaineClockView.swift in Sources */ = {isa = PBXBuildFile; fileRef = A00000000000000000000025 /* MondaineClockView.swift */; };
		A00000000000000000000026 /* MondaineClockRenderer.swift in Sources */ = {isa = PBXBuildFile; fileRef = A00000000000000000000023 /* MondaineClockRenderer.swift */; };
		A00000000000000000000027 /* MondaineClockView.swift in Sources */ = {isa = PBXBuildFile; fileRef = A00000000000000000000025 /* MondaineClockView.swift */; };
		A00000000000000000000028 /* ClockModel.swift in Sources */ = {isa = PBXBuildFile; fileRef = A00000000000000000000003 /* ClockModel.swift */; };
		A00000000000000000000029 /* main.swift in Sources */ = {isa = PBXBuildFile; fileRef = A0000000000000000000002B /* main.swift */; };
		A0000000000000000000002A /* Cocoa.framework in Frameworks */ = {isa = PBXBuildFile; fileRef = A00000000000000000000007 /* Cocoa.framework */; };
/* End PBXBuildFile section */

/* Begin PBXFileReference section */
		A00000000000000000000001 /* MondaineRailClock.saver */ = {isa = PBXFileReference; explicitFileType = "wrapper.cfbundle"; includeInIndex = 0; path = MondaineRailClock.saver; sourceTree = BUILT_PRODUCTS_DIR; };
		A00000000000000000000002 /* MondaineSaverView.swift */ = {isa = PBXFileReference; lastKnownFileType = sourcecode.swift; path = MondaineSaverView.swift; sourceTree = "<group>"; };
		A00000000000000000000003 /* ClockModel.swift */ = {isa = PBXFileReference; lastKnownFileType = sourcecode.swift; path = ClockModel.swift; sourceTree = "<group>"; };
		A00000000000000000000004 /* Info.plist */ = {isa = PBXFileReference; lastKnownFileType = text.plist.xml; path = Info.plist; sourceTree = "<group>"; };
		A00000000000000000000006 /* ScreenSaver.framework */ = {isa = PBXFileReference; lastKnownFileType = wrapper.framework; name = ScreenSaver.framework; path = System/Library/Frameworks/ScreenSaver.framework; sourceTree = SDKROOT; };
		A00000000000000000000007 /* Cocoa.framework */ = {isa = PBXFileReference; lastKnownFileType = wrapper.framework; name = Cocoa.framework; path = System/Library/Frameworks/Cocoa.framework; sourceTree = SDKROOT; };
		A00000000000000000000023 /* MondaineClockRenderer.swift */ = {isa = PBXFileReference; lastKnownFileType = sourcecode.swift; path = MondaineClockRenderer.swift; sourceTree = "<group>"; };
		A00000000000000000000025 /* MondaineClockView.swift */ = {isa = PBXFileReference; lastKnownFileType = sourcecode.swift; path = MondaineClockView.swift; sourceTree = "<group>"; };
		A0000000000000000000002B /* main.swift */ = {isa = PBXFileReference; lastKnownFileType = sourcecode.swift; path = main.swift; sourceTree = "<group>"; };
		A0000000000000000000002C /* Info.plist */ = {isa = PBXFileReference; lastKnownFileType = text.plist.xml; path = Info.plist; sourceTree = "<group>"; };
		A0000000000000000000002D /* MondainePreview.app */ = {isa = PBXFileReference; explicitFileType = wrapper.application; includeInIndex = 0; path = MondainePreview.app; sourceTree = BUILT_PRODUCTS_DIR; };
/* End PBXFileReference section */

/* Begin PBXFrameworksBuildPhase section */
		A00000000000000000000010 /* Frameworks */ = {
			isa = PBXFrameworksBuildPhase;
			buildActionMask = 2147483647;
			files = (
				A0000000000000000000000B /* ScreenSaver.framework in Frameworks */,
				A0000000000000000000000C /* Cocoa.framework in Frameworks */,
			);
			runOnlyForDeploymentPostprocessing = 0;
		};
		A0000000000000000000002E /* Frameworks */ = {
			isa = PBXFrameworksBuildPhase;
			buildActionMask = 2147483647;
			files = (
				A0000000000000000000002A /* Cocoa.framework in Frameworks */,
			);
			runOnlyForDeploymentPostprocessing = 0;
		};
/* End PBXFrameworksBuildPhase section */

/* Begin PBXGroup section */
		A00000000000000000000011 = {
			isa = PBXGroup;
			children = (
				A00000000000000000000012 /* MondaineSaver */,
				A0000000000000000000002F /* MondainePreview */,
				A00000000000000000000013 /* Frameworks */,
				A00000000000000000000014 /* Products */,
			);
			sourceTree = "<group>";
		};
		A00000000000000000000012 /* MondaineSaver */ = {
			isa = PBXGroup;
			children = (
				A00000000000000000000002 /* MondaineSaverView.swift */,
				A00000000000000000000003 /* ClockModel.swift */,
				A00000000000000000000023 /* MondaineClockRenderer.swift */,
				A00000000000000000000025 /* MondaineClockView.swift */,
				A00000000000000000000004 /* Info.plist */,
			);
			path = MondaineSaver;
			sourceTree = "<group>";
		};
		A0000000000000000000002F /* MondainePreview */ = {
			isa = PBXGroup;
			children = (
				A0000000000000000000002B /* main.swift */,
				A0000000000000000000002C /* Info.plist */,
			);
			path = MondainePreview;
			sourceTree = "<group>";
		};
		A00000000000000000000013 /* Frameworks */ = {
			isa = PBXGroup;
			children = (
				A00000000000000000000007 /* Cocoa.framework */,
				A00000000000000000000006 /* ScreenSaver.framework */,
			);
			name = Frameworks;
			sourceTree = "<group>";
		};
		A00000000000000000000014 /* Products */ = {
			isa = PBXGroup;
			children = (
				A00000000000000000000001 /* MondaineRailClock.saver */,
				A0000000000000000000002D /* MondainePreview.app */,
			);
			name = Products;
			sourceTree = "<group>";
		};
/* End PBXGroup section */

/* Begin PBXNativeTarget section */
		A00000000000000000000015 /* MondaineSaver */ = {
			isa = PBXNativeTarget;
			buildConfigurationList = A00000000000000000000020 /* Build configuration list for PBXNativeTarget "MondaineSaver" */;
			buildPhases = (
				A00000000000000000000016 /* Sources */,
				A00000000000000000000010 /* Frameworks */,
			);
			buildRules = (
			);
			dependencies = (
			);
			name = MondaineSaver;
			productName = MondaineSaver;
			productReference = A00000000000000000000001 /* MondaineRailClock.saver */;
			productType = "com.apple.product-type.bundle";
		};
		A00000000000000000000030 /* MondainePreview */ = {
			isa = PBXNativeTarget;
			buildConfigurationList = A00000000000000000000034 /* Build configuration list for PBXNativeTarget "MondainePreview" */;
			buildPhases = (
				A00000000000000000000031 /* Sources */,
				A0000000000000000000002E /* Frameworks */,
			);
			buildRules = (
			);
			dependencies = (
			);
			name = MondainePreview;
			productName = MondainePreview;
			productReference = A0000000000000000000002D /* MondainePreview.app */;
			productType = "com.apple.product-type.application";
		};
/* End PBXNativeTarget section */

/* Begin PBXProject section */
		A00000000000000000000017 /* Project object */ = {
			isa = PBXProject;
			attributes = {
				BuildIndependentTargetsInParallel = 1;
				LastSwiftUpdateCheck = 2600;
				LastUpgradeCheck = 2600;
				TargetAttributes = {
					A00000000000000000000015 = {
						CreatedOnToolsVersion = 26.3;
					};
					A00000000000000000000030 = {
						CreatedOnToolsVersion = 26.3;
					};
				};
			};
			buildConfigurationList = A00000000000000000000021 /* Build configuration list for PBXProject "MondaineSaver" */;
			developmentRegion = en;
			hasScannedForEncodings = 0;
			knownRegions = (
				en,
				Base,
			);
			mainGroup = A00000000000000000000011;
			minimizedProjectReferenceProxies = 1;
			preferredProjectObjectVersion = 77;
			productRefGroup = A00000000000000000000014 /* Products */;
			projectDirPath = "";
			projectRoot = "";
			targets = (
				A00000000000000000000015 /* MondaineSaver */,
				A00000000000000000000030 /* MondainePreview */,
			);
		};
/* End PBXProject section */

/* Begin PBXSourcesBuildPhase section */
		A00000000000000000000016 /* Sources */ = {
			isa = PBXSourcesBuildPhase;
			buildActionMask = 2147483647;
			files = (
				A0000000000000000000000A /* ClockModel.swift in Sources */,
				A00000000000000000000022 /* MondaineClockRenderer.swift in Sources */,
				A00000000000000000000024 /* MondaineClockView.swift in Sources */,
				A00000000000000000000009 /* MondaineSaverView.swift in Sources */,
			);
			runOnlyForDeploymentPostprocessing = 0;
		};
		A00000000000000000000031 /* Sources */ = {
			isa = PBXSourcesBuildPhase;
			buildActionMask = 2147483647;
			files = (
				A00000000000000000000028 /* ClockModel.swift in Sources */,
				A00000000000000000000026 /* MondaineClockRenderer.swift in Sources */,
				A00000000000000000000027 /* MondaineClockView.swift in Sources */,
				A00000000000000000000029 /* main.swift in Sources */,
			);
			runOnlyForDeploymentPostprocessing = 0;
		};
/* End PBXSourcesBuildPhase section */

/* Begin XCBuildConfiguration section */
		A00000000000000000000018 /* Debug */ = {
			isa = XCBuildConfiguration;
			buildSettings = {
				CLANG_ENABLE_MODULES = YES;
				CODE_SIGN_IDENTITY = "";
				CODE_SIGNING_ALLOWED = NO;
				CURRENT_PROJECT_VERSION = 2;
				GENERATE_INFOPLIST_FILE = NO;
				INFOPLIST_FILE = MondaineSaver/Info.plist;
				LD_RUNPATH_SEARCH_PATHS = "";
				MACOSX_DEPLOYMENT_TARGET = 13.0;
				PRODUCT_BUNDLE_IDENTIFIER = com.ibaard.MondaineRailClock;
				PRODUCT_NAME = MondaineRailClock;
				SDKROOT = macosx;
				SKIP_INSTALL = YES;
				SWIFT_EMIT_LOC_STRINGS = NO;
				SWIFT_VERSION = 5.0;
				WRAPPER_EXTENSION = saver;
			};
			name = Debug;
		};
		A00000000000000000000019 /* Release */ = {
			isa = XCBuildConfiguration;
			buildSettings = {
				CLANG_ENABLE_MODULES = YES;
				CODE_SIGN_IDENTITY = "";
				CODE_SIGNING_ALLOWED = NO;
				CURRENT_PROJECT_VERSION = 2;
				GENERATE_INFOPLIST_FILE = NO;
				INFOPLIST_FILE = MondaineSaver/Info.plist;
				LD_RUNPATH_SEARCH_PATHS = "";
				MACOSX_DEPLOYMENT_TARGET = 13.0;
				PRODUCT_BUNDLE_IDENTIFIER = com.ibaard.MondaineRailClock;
				PRODUCT_NAME = MondaineRailClock;
				SDKROOT = macosx;
				SKIP_INSTALL = YES;
				SWIFT_COMPILATION_MODE = wholemodule;
				SWIFT_EMIT_LOC_STRINGS = NO;
				SWIFT_VERSION = 5.0;
				WRAPPER_EXTENSION = saver;
			};
			name = Release;
		};
		A00000000000000000000032 /* Debug */ = {
			isa = XCBuildConfiguration;
			buildSettings = {
				CLANG_ENABLE_MODULES = YES;
				CODE_SIGN_IDENTITY = "";
				CODE_SIGNING_ALLOWED = NO;
				GENERATE_INFOPLIST_FILE = NO;
				INFOPLIST_FILE = MondainePreview/Info.plist;
				MACOSX_DEPLOYMENT_TARGET = 13.0;
				PRODUCT_BUNDLE_IDENTIFIER = com.ibaard.MondainePreview;
				PRODUCT_NAME = "$(TARGET_NAME)";
				SDKROOT = macosx;
				SWIFT_EMIT_LOC_STRINGS = NO;
				SWIFT_VERSION = 5.0;
				WRAPPER_EXTENSION = app;
			};
			name = Debug;
		};
		A00000000000000000000033 /* Release */ = {
			isa = XCBuildConfiguration;
			buildSettings = {
				CLANG_ENABLE_MODULES = YES;
				CODE_SIGN_IDENTITY = "";
				CODE_SIGNING_ALLOWED = NO;
				GENERATE_INFOPLIST_FILE = NO;
				INFOPLIST_FILE = MondainePreview/Info.plist;
				MACOSX_DEPLOYMENT_TARGET = 13.0;
				PRODUCT_BUNDLE_IDENTIFIER = com.ibaard.MondainePreview;
				PRODUCT_NAME = "$(TARGET_NAME)";
				SDKROOT = macosx;
				SWIFT_COMPILATION_MODE = wholemodule;
				SWIFT_EMIT_LOC_STRINGS = NO;
				SWIFT_VERSION = 5.0;
				WRAPPER_EXTENSION = app;
			};
			name = Release;
		};
/* End XCBuildConfiguration section */

/* Begin XCConfigurationList section */
		A00000000000000000000020 /* Build configuration list for PBXNativeTarget "MondaineSaver" */ = {
			isa = XCConfigurationList;
			buildConfigurations = (
				A00000000000000000000018 /* Debug */,
				A00000000000000000000019 /* Release */,
			);
			defaultConfigurationIsVisible = 0;
			defaultConfigurationName = Release;
		};
		A00000000000000000000034 /* Build configuration list for PBXNativeTarget "MondainePreview" */ = {
			isa = XCConfigurationList;
			buildConfigurations = (
				A00000000000000000000032 /* Debug */,
				A00000000000000000000033 /* Release */,
			);
			defaultConfigurationIsVisible = 0;
			defaultConfigurationName = Release;
		};
		A00000000000000000000021 /* Build configuration list for PBXProject "MondaineSaver" */ = {
			isa = XCConfigurationList;
			buildConfigurations = (
				A00000000000000000000018 /* Debug */,
				A00000000000000000000019 /* Release */,
			);
			defaultConfigurationIsVisible = 0;
			defaultConfigurationName = Release;
		};
/* End XCConfigurationList section */
	};
	rootObject = A00000000000000000000017 /* Project object */;
}
